
Microsoft Visual Studio Solution File, Format Version 12.00
# Visual Studio Version 17
VisualStudioVersion = 17.7.34003.232
MinimumVisualStudioVersion = 10.0.40219.1
Project("{FAE04EC0-301F-11D3-BF4B-00C04F79EFBC}") = "Uppgift2.4", "Uppgift2.4\Uppgift2.4.csproj", "{9761268A-DC32-464B-B04E-960F5915A8F2}"
EndProject
Global
	GlobalSection(SolutionConfigurationPlatforms) = preSolution
		Debug|Any CPU = Debug|Any CPU
		Release|Any CPU = Release|Any CPU
	EndGlobalSection
	GlobalSection(ProjectConfigurationPlatforms) = postSolution
		{9761268A-DC32-464B-B04E-960F5915A8F2}.Debug|Any CPU.ActiveCfg = Debug|Any CPU
		{9761268A-DC32-464B-B04E-960F5915A8F2}.Debug|Any CPU.Build.0 = Debug|Any CPU
		{9761268A-DC32-464B-B04E-960F5915A8F2}.Release|Any CPU.ActiveCfg = Release|Any CPU
		{9761268A-DC32-464B-B04E-960F5915A8F2}.Release|Any CPU.Build.0 = Release|Any CPU
	EndGlobalSection
	GlobalSection(SolutionProperties) = preSolution
		HideSolutionNode = FALSE
	EndGlobalSection
	GlobalSection(ExtensibilityGlobals) = postSolution
		SolutionGuid = {31A0B732-AB20-4869-ACC7-ED9E20A6425F}
	EndGlobalSection
EndGlobal
